
Microsoft Visual Studio Solution File, Format Version 12.00
# Visual Studio 15
VisualStudioVersion = 15.0.28307.1082
MinimumVisualStudioVersion = 10.0.40219.1
Project("{FAE04EC0-301F-11D3-BF4B-00C04F79EFBC}") = "prWebApiTask1", "prWebApiTask1\prWebApiTask1.csproj", "{DD6E6878-42AF-4B6D-8D78-18D96C50996B}"
EndProject
Global
	GlobalSection(SolutionConfigurationPlatforms) = preSolution
		Debug|Any CPU = Debug|Any CPU
		Release|Any CPU = Release|Any CPU
	EndGlobalSection
	GlobalSection(ProjectConfigurationPlatforms) = postSolution
		{DD6E6878-42AF-4B6D-8D78-18D96C50996B}.Debug|Any CPU.ActiveCfg = Debug|Any CPU
		{DD6E6878-42AF-4B6D-8D78-18D96C50996B}.Debug|Any CPU.Build.0 = Debug|Any CPU
		{DD6E6878-42AF-4B6D-8D78-18D96C50996B}.Release|Any CPU.ActiveCfg = Release|Any CPU
		{DD6E6878-42AF-4B6D-8D78-18D96C50996B}.Release|Any CPU.Build.0 = Release|Any CPU
	EndGlobalSection
	GlobalSection(SolutionProperties) = preSolution
		HideSolutionNode = FALSE
	EndGlobalSection
	GlobalSection(ExtensibilityGlobals) = postSolution
		SolutionGuid = {AFED396E-6FA6-4B19-878B-765369AA6C9B}
	EndGlobalSection
EndGlobal
